// !$*UTF8*$!
{
	archiveVersion = 1;
	classes = {
	};
	objectVersion = 77;
	objects = {

/* Begin PBXContainerItemProxy section */
		74A46D1F2CF65FBB00F546DC /* PBXContainerItemProxy */ = {
			isa = PBXContainerItemProxy;
			containerPortal = 74A46D062CF65FB900F546DC /* Project object */;
			proxyType = 1;
			remoteGlobalIDString = 74A46D0D2CF65FBA00F546DC;
			remoteInfo = BusRouteApp;
		};
		74A46D292CF65FBB00F546DC /* PBXContainerItemProxy */ = {
			isa = PBXContainerItemProxy;
			containerPortal = 74A46D062CF65FB900F546DC /* Project object */;
			proxyType = 1;
			remoteGlobalIDString = 74A46D0D2CF65FBA00F546DC;
			remoteInfo = BusRouteApp;
		};
/* End PBXContainerItemProxy section */

/* Begin PBXFileReference section */
		74A46D0E2CF65FBA00F546DC /* BusRouteApp.app */ = {isa = PBXFileReference; explicitFileType = wrapper.application; includeInIndex = 0; path = BusRouteApp.app; sourceTree = BUILT_PRODUCTS_DIR; };
		74A46D1E2CF65FBB00F546DC /* BusRouteAppTests.xctest */ = {isa = PBXFileReference; explicitFileType = wrapper.cfbundle; includeInIndex = 0; path = BusRouteAppTests.xctest; sourceTree = BUILT_PRODUCTS_DIR; };
		74A46D282CF65FBB00F546DC /* BusRouteAppUITests.xctest */ = {isa = PBXFileReference; explicitFileType = wrapper.cfbundle; includeInIndex = 0; path = BusRouteAppUITests.xctest; sourceTree = BUILT_PRODUCTS_DIR; };
/* End PBXFileReference section */

/* Begin PBXFileSystemSynchronizedRootGroup section */
		74A46D102CF65FBA00F546DC /* BusRouteApp */ = {
			isa = PBXFileSystemSynchronizedRootGroup;
			path = BusRouteApp;
			sourceTree = "<group>";
		};
		74A46D212CF65FBB00F546DC /* BusRouteAppTests */ = {
			isa = PBXFileSystemSynchronizedRootGroup;
			path = BusRouteAppTests;
			sourceTree = "<group>";
		};
		74A46D2B2CF65FBB00F546DC /* BusRouteAppUITests */ = {
			isa = PBXFileSystemSynchronizedRootGroup;
			path = BusRouteAppUITests;
			sourceTree = "<group>";
		};
/* End PBXFileSystemSynchronizedRootGroup section */

/* Begin PBXFrameworksBuildPhase section */
		74A46D0B2CF65FBA00F546DC /* Frameworks */ = {
			isa = PBXFrameworksBuildPhase;
			buildActionMask = 2147483647;
			files = (
			);
			runOnlyForDeploymentPostprocessing = 0;
		};
		74A46D1B2CF65FBB00F546DC /* Frameworks */ = {
			isa = PBXFrameworksBuildPhase;
			buildActionMask = 2147483647;
			files = (
			);
			runOnlyForDeploymentPostprocessing = 0;
		};
		74A46D252CF65FBB00F546DC /* Frameworks */ = {
			isa = PBXFrameworksBuildPhase;
			buildActionMask = 2147483647;
			files = (
			);
			runOnlyForDeploymentPostprocessing = 0;
		};
/* End PBXFrameworksBuildPhase section */

/* Begin PBXGroup section */
		74A46D052CF65FB900F546DC = {
			isa = PBXGroup;
			children = (
				74A46D102CF65FBA00F546DC /* BusRouteApp */,
				74A46D212CF65FBB00F546DC /* BusRouteAppTests */,
				74A46D2B2CF65FBB00F546DC /* BusRouteAppUITests */,
				74A46D0F2CF65FBA00F546DC /* Products */,
			);
			sourceTree = "<group>";
		};
		74A46D0F2CF65FBA00F546DC /* Products */ = {
			isa = PBXGroup;
			children = (
				74A46D0E2CF65FBA00F546DC /* BusRouteApp.app */,
				74A46D1E2CF65FBB00F546DC /* BusRouteAppTests.xctest */,
				74A46D282CF65FBB00F546DC /* BusRouteAppUITests.xctest */,
			);
			name = Products;
			sourceTree = "<group>";
		};
/* End PBXGroup section */

/* Begin PBXNativeTarget section */
		74A46D0D2CF65FBA00F546DC /* BusRouteApp */ = {
			isa = PBXNativeTarget;
			buildConfigurationList = 74A46D322CF65FBB00F546DC /* Build configuration list for PBXNativeTarget "BusRouteApp" */;
			buildPhases = (
				74A46D0A2CF65FBA00F546DC /* Sources */,
				74A46D0B2CF65FBA00F546DC /* Frameworks */,
				74A46D0C2CF65FBA00F546DC /* Resources */,
			);
			buildRules = (
			);
			dependencies = (
			);
			fileSystemSynchronizedGroups = (
				74A46D102CF65FBA00F546DC /* BusRouteApp */,
			);
			name = BusRouteApp;
			packageProductDependencies = (
			);
			productName = BusRouteApp;
			productReference = 74A46D0E2CF65FBA00F546DC /* BusRouteApp.app */;
			productType = "com.apple.product-type.application";
		};
		74A46D1D2CF65FBB00F546DC /* BusRouteAppTests */ = {
			isa = PBXNativeTarget;
			buildConfigurationList = 74A46D352CF65FBB00F546DC /* Build configuration list for PBXNativeTarget "BusRouteAppTests" */;
			buildPhases = (
				74A46D1A2CF65FBB00F546DC /* Sources */,
				74A46D1B2CF65FBB00F546DC /* Frameworks */,
				74A46D1C2CF65FBB00F546DC /* Resources */,
			);
			buildRules = (
			);
			dependencies = (
				74A46D202CF65FBB00F546DC /* PBXTargetDependency */,
			);
			fileSystemSynchronizedGroups = (
				74A46D212CF65FBB00F546DC /* BusRouteAppTests */,
			);
			name = BusRouteAppTests;
			packageProductDependencies = (
			);
			productName = BusRouteAppTests;
			productReference = 74A46D1E2CF65FBB00F546DC /* BusRouteAppTests.xctest */;
			productType = "com.apple.product-type.bundle.unit-test";
		};
		74A46D272CF65FBB00F546DC /* BusRouteAppUITests */ = {
			isa = PBXNativeTarget;
			buildConfigurationList = 74A46D382CF65FBB00F546DC /* Build configuration list for PBXNativeTarget "BusRouteAppUITests" */;
			buildPhases = (
				74A46D242CF65FBB00F546DC /* Sources */,
				74A46D252CF65FBB00F546DC /* Frameworks */,
				74A46D262CF65FBB00F546DC /* Resources */,
			);
			buildRules = (
			);
			dependencies = (
				74A46D2A2CF65FBB00F546DC /* PBXTargetDependency */,
			);
			fileSystemSynchronizedGroups = (
				74A46D2B2CF65FBB00F546DC /* BusRouteAppUITests */,
			);
			name = BusRouteAppUITests;
			packageProductDependencies = (
			);
			productName = BusRouteAppUITests;
			productReference = 74A46D282CF65FBB00F546DC /* BusRouteAppUITests.xctest */;
			productType = "com.apple.product-type.bundle.ui-testing";
		};
/* End PBXNativeTarget section */

/* Begin PBXProject section */
		74A46D062CF65FB900F546DC /* Project object */ = {
			isa = PBXProject;
			attributes = {
				BuildIndependentTargetsInParallel = 1;
				LastSwiftUpdateCheck = 1610;
				LastUpgradeCheck = 1610;
				TargetAttributes = {
					74A46D0D2CF65FBA00F546DC = {
						CreatedOnToolsVersion = 16.1;
					};
					74A46D1D2CF65FBB00F546DC = {
						CreatedOnToolsVersion = 16.1;
						TestTargetID = 74A46D0D2CF65FBA00F546DC;
					};
					74A46D272CF65FBB00F546DC = {
						CreatedOnToolsVersion = 16.1;
						TestTargetID = 74A46D0D2CF65FBA00F546DC;
					};
				};
			};
			buildConfigurationList = 74A46D092CF65FB900F546DC /* Build configuration list for PBXProject "BusRouteApp" */;
			developmentRegion = en;
			hasScannedForEncodings = 0;
			knownRegions = (
				en,
				Base,
			);
			mainGroup = 74A46D052CF65FB900F546DC;
			minimizedProjectReferenceProxies = 1;
			preferredProjectObjectVersion = 77;
			productRefGroup = 74A46D0F2CF65FBA00F546DC /* Products */;
			projectDirPath = "";
			projectRoot = "";
			targets = (
				74A46D0D2CF65FBA00F546DC /* BusRouteApp */,
				74A46D1D2CF65FBB00F546DC /* BusRouteAppTests */,
				74A46D272CF65FBB00F546DC /* BusRouteAppUITests */,
			);
		};
/* End PBXProject section */

/* Begin PBXResourcesBuildPhase section */
		74A46D0C2CF65FBA00F546DC /* Resources */ = {
			isa = PBXResourcesBuildPhase;
			buildActionMask = 2147483647;
			files = (
			);
			runOnlyForDeploymentPostprocessing = 0;
		};
		74A46D1C2CF65FBB00F546DC /* Resources */ = {
			isa = PBXResourcesBuildPhase;
			buildActionMask = 2147483647;
			files = (
			);
			runOnlyForDeploymentPostprocessing = 0;
		};
		74A46D262CF65FBB00F546DC /* Resources */ = {
			isa = PBXResourcesBuildPhase;
			buildActionMask = 2147483647;
			files = (
			);
			runOnlyForDeploymentPostprocessing = 0;
		};
/* End PBXResourcesBuildPhase section */

/* Begin PBXSourcesBuildPhase section */
		74A46D0A2CF65FBA00F546DC /* Sources */ = {
			isa = PBXSourcesBuildPhase;
			buildActionMask = 2147483647;
			files = (
			);
			runOnlyForDeploymentPostprocessing = 0;
		};
		74A46D1A2CF65FBB00F546DC /* Sources */ = {
			isa = PBXSourcesBuildPhase;
			buildActionMask = 2147483647;
			files = (
			);
			runOnlyForDeploymentPostprocessing = 0;
		};
		74A46D242CF65FBB00F546DC /* Sources */ = {
			isa = PBXSourcesBuildPhase;
			buildActionMask = 2147483647;
			files = (
			);
			runOnlyForDeploymentPostprocessing = 0;
		};
/* End PBXSourcesBuildPhase section */

/* Begin PBXTargetDependency section */
		74A46D202CF65FBB00F546DC /* PBXTargetDependency */ = {
			isa = PBXTargetDependency;
			target = 74A46D0D2CF65FBA00F546DC /* BusRouteApp */;
			targetProxy = 74A46D1F2CF65FBB00F546DC /* PBXContainerItemProxy */;
		};
		74A46D2A2CF65FBB00F546DC /* PBXTargetDependency */ = {
			isa = PBXTargetDependency;
			target = 74A46D0D2CF65FBA00F546DC /* BusRouteApp */;
			targetProxy = 74A46D292CF65FBB00F546DC /* PBXContainerItemProxy */;
		};
/* End PBXTargetDependency section */

/* Begin XCBuildConfiguration section */
		74A46D302CF65FBB00F546DC /* Debug */ = {
			isa = XCBuildConfiguration;
			buildSettings = {
				ALWAYS_SEARCH_USER_PATHS = NO;
				ASSETCATALOG_COMPILER_GENERATE_SWIFT_ASSET_SYMBOL_EXTENSIONS = YES;
				CLANG_ANALYZER_NONNULL = YES;
				CLANG_ANALYZER_NUMBER_OBJECT_CONVERSION = YES_AGGRESSIVE;
				CLANG_CXX_LANGUAGE_STANDARD = "gnu++20";
				CLANG_ENABLE_MODULES = YES;
				CLANG_ENABLE_OBJC_ARC = YES;
				CLANG_ENABLE_OBJC_WEAK = YES;
				CLANG_WARN_BLOCK_CAPTURE_AUTORELEASING = YES;
				CLANG_WARN_BOOL_CONVERSION = YES;
				CLANG_WARN_COMMA = YES;
				CLANG_WARN_CONSTANT_CONVERSION = YES;
				CLANG_WARN_DEPRECATED_OBJC_IMPLEMENTATIONS = YES;
				CLANG_WARN_DIRECT_OBJC_ISA_USAGE = YES_ERROR;
				CLANG_WARN_DOCUMENTATION_COMMENTS = YES;
				CLANG_WARN_EMPTY_BODY = YES;
				CLANG_WARN_ENUM_CONVERSION = YES;
				CLANG_WARN_INFINITE_RECURSION = YES;
				CLANG_WARN_INT_CONVERSION = YES;
				CLANG_WARN_NON_LITERAL_NULL_CONVERSION = YES;
				CLANG_WARN_OBJC_IMPLICIT_RETAIN_SELF = YES;
				CLANG_WARN_OBJC_LITERAL_CONVERSION = YES;
				CLANG_WARN_OBJC_ROOT_CLASS = YES_ERROR;
				CLANG_WARN_QUOTED_INCLUDE_IN_FRAMEWORK_HEADER = YES;
				CLANG_WARN_RANGE_LOOP_ANALYSIS = YES;
				CLANG_WARN_STRICT_PROTOTYPES = YES;
				CLANG_WARN_SUSPICIOUS_MOVE = YES;
				CLANG_WARN_UNGUARDED_AVAILABILITY = YES_AGGRESSIVE;
				CLANG_WARN_UNREACHABLE_CODE = YES;
				CLANG_WARN__DUPLICATE_METHOD_MATCH = YES;
				COPY_PHASE_STRIP = NO;
				DEBUG_INFORMATION_FORMAT = dwarf;
				ENABLE_STRICT_OBJC_MSGSEND = YES;
				ENABLE_TESTABILITY = YES;
				ENABLE_USER_SCRIPT_SANDBOXING = YES;
				GCC_C_LANGUAGE_STANDARD = gnu17;
				GCC_DYNAMIC_NO_PIC = NO;
				GCC_NO_COMMON_BLOCKS = YES;
				GCC_OPTIMIZATION_LEVEL = 0;
				GCC_PREPROCESSOR_DEFINITIONS = (
					"DEBUG=1",
					"$(inherited)",
				);
				GCC_WARN_64_TO_32_BIT_CONVERSION = YES;
				GCC_WARN_ABOUT_RETURN_TYPE = YES_ERROR;
				GCC_WARN_UNDECLARED_SELECTOR = YES;
				GCC_WARN_UNINITIALIZED_AUTOS = YES_AGGRESSIVE;
				GCC_WARN_UNUSED_FUNCTION = YES;
				GCC_WARN_UNUSED_VARIABLE = YES;
				IPHONEOS_DEPLOYMENT_TARGET = 18.1;
				LOCALIZATION_PREFERS_STRING_CATALOGS = YES;
				MTL_ENABLE_DEBUG_INFO = INCLUDE_SOURCE;
				MTL_FAST_MATH = YES;
				ONLY_ACTIVE_ARCH = YES;
				SDKROOT = iphoneos;
				SWIFT_ACTIVE_COMPILATION_CONDITIONS = "DEBUG $(inherited)";
				SWIFT_OPTIMIZATION_LEVEL = "-Onone";
			};
			name = Debug;
		};
		74A46D312CF65FBB00F546DC /* Release */ = {
			isa = XCBuildConfiguration;
			buildSettings = {
				ALWAYS_SEARCH_USER_PATHS = NO;
				ASSETCATALOG_COMPILER_GENERATE_SWIFT_ASSET_SYMBOL_EXTENSIONS = YES;
				CLANG_ANALYZER_NONNULL = YES;
				CLANG_ANALYZER_NUMBER_OBJECT_CONVERSION = YES_AGGRESSIVE;
				CLANG_CXX_LANGUAGE_STANDARD = "gnu++20";
				CLANG_ENABLE_MODULES = YES;
				CLANG_ENABLE_OBJC_ARC = YES;
				CLANG_ENABLE_OBJC_WEAK = YES;
				CLANG_WARN_BLOCK_CAPTURE_AUTORELEASING = YES;
				CLANG_WARN_BOOL_CONVERSION = YES;
				CLANG_WARN_COMMA = YES;
				CLANG_WARN_CONSTANT_CONVERSION = YES;
				CLANG_WARN_DEPRECATED_OBJC_IMPLEMENTATIONS = YES;
				CLANG_WARN_DIRECT_OBJC_ISA_USAGE = YES_ERROR;
				CLANG_WARN_DOCUMENTATION_COMMENTS = YES;
				CLANG_WARN_EMPTY_BODY = YES;
				CLANG_WARN_ENUM_CONVERSION = YES;
				CLANG_WARN_INFINITE_RECURSION = YES;
				CLANG_WARN_INT_CONVERSION = YES;
				CLANG_WARN_NON_LITERAL_NULL_CONVERSION = YES;
				CLANG_WARN_OBJC_IMPLICIT_RETAIN_SELF = YES;
				CLANG_WARN_OBJC_LITERAL_CONVERSION = YES;
				CLANG_WARN_OBJC_ROOT_CLASS = YES_ERROR;
				CLANG_WARN_QUOTED_INCLUDE_IN_FRAMEWORK_HEADER = YES;
				CLANG_WARN_RANGE_LOOP_ANALYSIS = YES;
				CLANG_WARN_STRICT_PROTOTYPES = YES;
				CLANG_WARN_SUSPICIOUS_MOVE = YES;
				CLANG_WARN_UNGUARDED_AVAILABILITY = YES_AGGRESSIVE;
				CLANG_WARN_UNREACHABLE_CODE = YES;
				CLANG_WARN__DUPLICATE_METHOD_MATCH = YES;
				COPY_PHASE_STRIP = NO;
				DEBUG_INFORMATION_FORMAT = "dwarf-with-dsym";
				ENABLE_NS_ASSERTIONS = NO;
				ENABLE_STRICT_OBJC_MSGSEND = YES;
				ENABLE_USER_SCRIPT_SANDBOXING = YES;
				GCC_C_LANGUAGE_STANDARD = gnu17;
				GCC_NO_COMMON_BLOCKS = YES;
				GCC_WARN_64_TO_32_BIT_CONVERSION = YES;
				GCC_WARN_ABOUT_RETURN_TYPE = YES_ERROR;
				GCC_WARN_UNDECLARED_SELECTOR = YES;
				GCC_WARN_UNINITIALIZED_AUTOS = YES_AGGRESSIVE;
				GCC_WARN_UNUSED_FUNCTION = YES;
				GCC_WARN_UNUSED_VARIABLE = YES;
				IPHONEOS_DEPLOYMENT_TARGET = 18.1;
				LOCALIZATION_PREFERS_STRING_CATALOGS = YES;
				MTL_ENABLE_DEBUG_INFO = NO;
				MTL_FAST_MATH = YES;
				SDKROOT = iphoneos;
				SWIFT_COMPILATION_MODE = wholemodule;
				VALIDATE_PRODUCT = YES;
			};
			name = Release;
		};
		74A46D332CF65FBB00F546DC /* Debug */ = {
			isa = XCBuildConfiguration;
			buildSettings = {
				ASSETCATALOG_COMPILER_APPICON_NAME = AppIcon;
				ASSETCATALOG_COMPILER_GLOBAL_ACCENT_COLOR_NAME = AccentColor;
				CODE_SIGN_STYLE = Automatic;
				CURRENT_PROJECT_VERSION = 1;
				DEVELOPMENT_ASSET_PATHS = "\"BusRouteApp/Preview Content\"";
				DEVELOPMENT_TEAM = 6MC99YSCWJ;
				ENABLE_PREVIEWS = YES;
				GENERATE_INFOPLIST_FILE = YES;
				INFOPLIST_KEY_UIApplicationSceneManifest_Generation = YES;
				INFOPLIST_KEY_UIApplicationSupportsIndirectInputEvents = YES;
				INFOPLIST_KEY_UILaunchScreen_Generation = YES;
				INFOPLIST_KEY_UISupportedInterfaceOrientations_iPad = "UIInterfaceOrientationPortrait UIInterfaceOrientationPortraitUpsideDown UIInterfaceOrientationLandscapeLeft UIInterfaceOrientationLandscapeRight";
				INFOPLIST_KEY_UISupportedInterfaceOrientations_iPhone = "UIInterfaceOrientationPortrait UIInterfaceOrientationLandscapeLeft UIInterfaceOrientationLandscapeRight";
				LD_RUNPATH_SEARCH_PATHS = (
					"$(inherited)",
					"@executable_path/Frameworks",
				);
				MARKETING_VERSION = 1.0;
				PRODUCT_BUNDLE_IDENTIFIER = CAROVA.BusRouteApp;
				PRODUCT_NAME = "$(TARGET_NAME)";
				SWIFT_EMIT_LOC_STRINGS = YES;
				SWIFT_VERSION = 5.0;
				TARGETED_DEVICE_FAMILY = "1,2";
			};
			name = Debug;
		};
		74A46D342CF65FBB00F546DC /* Release */ = {
			isa = XCBuildConfiguration;
			buildSettings = {
				ASSETCATALOG_COMPILER_APPICON_NAME = AppIcon;
				ASSETCATALOG_COMPILER_GLOBAL_ACCENT_COLOR_NAME = AccentColor;
				CODE_SIGN_STYLE = Automatic;
				CURRENT_PROJECT_VERSION = 1;
				DEVELOPMENT_ASSET_PATHS = "\"BusRouteApp/Preview Content\"";
				DEVELOPMENT_TEAM = 6MC99YSCWJ;
				ENABLE_PREVIEWS = YES;
				GENERATE_INFOPLIST_FILE = YES;
				INFOPLIST_KEY_UIApplicationSceneManifest_Generation = YES;
				INFOPLIST_KEY_UIApplicationSupportsIndirectInputEvents = YES;
				INFOPLIST_KEY_UILaunchScreen_Generation = YES;
				INFOPLIST_KEY_UISupportedInterfaceOrientations_iPad = "UIInterfaceOrientationPortrait UIInterfaceOrientationPortraitUpsideDown UIInterfaceOrientationLandscapeLeft UIInterfaceOrientationLandscapeRight";
				INFOPLIST_KEY_UISupportedInterfaceOrientations_iPhone = "UIInterfaceOrientationPortrait UIInterfaceOrientationLandscapeLeft UIInterfaceOrientationLandscapeRight";
				LD_RUNPATH_SEARCH_PATHS = (
					"$(inherited)",
					"@executable_path/Frameworks",
				);
				MARKETING_VERSION = 1.0;
				PRODUCT_BUNDLE_IDENTIFIER = CAROVA.BusRouteApp;
				PRODUCT_NAME = "$(TARGET_NAME)";
				SWIFT_EMIT_LOC_STRINGS = YES;
				SWIFT_VERSION = 5.0;
				TARGETED_DEVICE_FAMILY = "1,2";
			};
			name = Release;
		};
		74A46D362CF65FBB00F546DC /* Debug */ = {
			isa = XCBuildConfiguration;
			buildSettings = {
				BUNDLE_LOADER = "$(TEST_HOST)";
				CODE_SIGN_STYLE = Automatic;
				CURRENT_PROJECT_VERSION = 1;
				DEVELOPMENT_TEAM = 6MC99YSCWJ;
				GENERATE_INFOPLIST_FILE = YES;
				IPHONEOS_DEPLOYMENT_TARGET = 18.1;
				MARKETING_VERSION = 1.0;
				PRODUCT_BUNDLE_IDENTIFIER = CAROVA.BusRouteAppTests;
				PRODUCT_NAME = "$(TARGET_NAME)";
				SWIFT_EMIT_LOC_STRINGS = NO;
				SWIFT_VERSION = 5.0;
				TARGETED_DEVICE_FAMILY = "1,2";
				TEST_HOST = "$(BUILT_PRODUCTS_DIR)/BusRouteApp.app/$(BUNDLE_EXECUTABLE_FOLDER_PATH)/BusRouteApp";
			};
			name = Debug;
		};
		74A46D372CF65FBB00F546DC /* Release */ = {
			isa = XCBuildConfiguration;
			buildSettings = {
				BUNDLE_LOADER = "$(TEST_HOST)";
				CODE_SIGN_STYLE = Automatic;
				CURRENT_PROJECT_VERSION = 1;
				DEVELOPMENT_TEAM = 6MC99YSCWJ;
				GENERATE_INFOPLIST_FILE = YES;
				IPHONEOS_DEPLOYMENT_TARGET = 18.1;
				MARKETING_VERSION = 1.0;
				PRODUCT_BUNDLE_IDENTIFIER = CAROVA.BusRouteAppTests;
				PRODUCT_NAME = "$(TARGET_NAME)";
				SWIFT_EMIT_LOC_STRINGS = NO;
				SWIFT_VERSION = 5.0;
				TARGETED_DEVICE_FAMILY = "1,2";
				TEST_HOST = "$(BUILT_PRODUCTS_DIR)/BusRouteApp.app/$(BUNDLE_EXECUTABLE_FOLDER_PATH)/BusRouteApp";
			};
			name = Release;
		};
		74A46D392CF65FBB00F546DC /* Debug */ = {
			isa = XCBuildConfiguration;
			buildSettings = {
				CODE_SIGN_STYLE = Automatic;
				CURRENT_PROJECT_VERSION = 1;
				DEVELOPMENT_TEAM = 6MC99YSCWJ;
				GENERATE_INFOPLIST_FILE = YES;
				MARKETING_VERSION = 1.0;
				PRODUCT_BUNDLE_IDENTIFIER = CAROVA.BusRouteAppUITests;
				PRODUCT_NAME = "$(TARGET_NAME)";
				SWIFT_EMIT_LOC_STRINGS = NO;
				SWIFT_VERSION = 5.0;
				TARGETED_DEVICE_FAMILY = "1,2";
				TEST_TARGET_NAME = BusRouteApp;
			};
			name = Debug;
		};
		74A46D3A2CF65FBB00F546DC /* Release */ = {
			isa = XCBuildConfiguration;
			buildSettings = {
				CODE_SIGN_STYLE = Automatic;
				CURRENT_PROJECT_VERSION = 1;
				DEVELOPMENT_TEAM = 6MC99YSCWJ;
				GENERATE_INFOPLIST_FILE = YES;
				MARKETING_VERSION = 1.0;
				PRODUCT_BUNDLE_IDENTIFIER = CAROVA.BusRouteAppUITests;
				PRODUCT_NAME = "$(TARGET_NAME)";
				SWIFT_EMIT_LOC_STRINGS = NO;
				SWIFT_VERSION = 5.0;
				TARGETED_DEVICE_FAMILY = "1,2";
				TEST_TARGET_NAME = BusRouteApp;
			};
			name = Release;
		};
/* End XCBuildConfiguration section */

/* Begin XCConfigurationList section */
		74A46D092CF65FB900F546DC /* Build configuration list for PBXProject "BusRouteApp" */ = {
			isa = XCConfigurationList;
			buildConfigurations = (
				74A46D302CF65FBB00F546DC /* Debug */,
				74A46D312CF65FBB00F546DC /* Release */,
			);
			defaultConfigurationIsVisible = 0;
			defaultConfigurationName = Release;
		};
		74A46D322CF65FBB00F546DC /* Build configuration list for PBXNativeTarget "BusRouteApp" */ = {
			isa = XCConfigurationList;
			buildConfigurations = (
				74A46D332CF65FBB00F546DC /* Debug */,
				74A46D342CF65FBB00F546DC /* Release */,
			);
			defaultConfigurationIsVisible = 0;
			defaultConfigurationName = Release;
		};
		74A46D352CF65FBB00F546DC /* Build configuration list for PBXNativeTarget "BusRouteAppTests" */ = {
			isa = XCConfigurationList;
			buildConfigurations = (
				74A46D362CF65FBB00F546DC /* Debug */,
				74A46D372CF65FBB00F546DC /* Release */,
			);
			defaultConfigurationIsVisible = 0;
			defaultConfigurationName = Release;
		};
		74A46D382CF65FBB00F546DC /* Build configuration list for PBXNativeTarget "BusRouteAppUITests" */ = {
			isa = XCConfigurationList;
			buildConfigurations = (
				74A46D392CF65FBB00F546DC /* Debug */,
				74A46D3A2CF65FBB00F546DC /* Release */,
			);
			defaultConfigurationIsVisible = 0;
			defaultConfigurationName = Release;
		};
/* End XCConfigurationList section */
	};
	rootObject = 74A46D062CF65FB900F546DC /* Project object */;
}
